
Microsoft Visual Studio Solution File, Format Version 12.00
# Visual Studio Version 17
VisualStudioVersion = 17.9.34728.123
MinimumVisualStudioVersion = 10.0.40219.1
Project("{9A19103F-16F7-4668-BE54-9A1E7A4F7556}") = "CMCS Application", "CMCS Application.csproj", "{F2F783D5-A09F-4404-8AD3-42709DDD19B1}"
EndProject
Project("{FAE04EC0-301F-11D3-BF4B-00C04F79EFBC}") = "CMCSTest", "..\CMCSTest\CMCSTest.csproj", "{32CB3B03-DA6F-4A1E-97A7-DB3EC66B7431}"
EndProject
Global
	GlobalSection(SolutionConfigurationPlatforms) = preSolution
		Debug|Any CPU = Debug|Any CPU
		Release|Any CPU = Release|Any CPU
	EndGlobalSection
	GlobalSection(ProjectConfigurationPlatforms) = postSolution
		{F2F783D5-A09F-4404-8AD3-42709DDD19B1}.Debug|Any CPU.ActiveCfg = Debug|Any CPU
		{F2F783D5-A09F-4404-8AD3-42709DDD19B1}.Debug|Any CPU.Build.0 = Debug|Any CPU
		{F2F783D5-A09F-4404-8AD3-42709DDD19B1}.Release|Any CPU.ActiveCfg = Release|Any CPU
		{F2F783D5-A09F-4404-8AD3-42709DDD19B1}.Release|Any CPU.Build.0 = Release|Any CPU
		{32CB3B03-DA6F-4A1E-97A7-DB3EC66B7431}.Debug|Any CPU.ActiveCfg = Debug|Any CPU
		{32CB3B03-DA6F-4A1E-97A7-DB3EC66B7431}.Debug|Any CPU.Build.0 = Debug|Any CPU
		{32CB3B03-DA6F-4A1E-97A7-DB3EC66B7431}.Release|Any CPU.ActiveCfg = Release|Any CPU
		{32CB3B03-DA6F-4A1E-97A7-DB3EC66B7431}.Release|Any CPU.Build.0 = Release|Any CPU
	EndGlobalSection
	GlobalSection(SolutionProperties) = preSolution
		HideSolutionNode = FALSE
	EndGlobalSection
	GlobalSection(ExtensibilityGlobals) = postSolution
		SolutionGuid = {369C7F9E-4859-4FD2-90A7-43A1FC761845}
	EndGlobalSection
EndGlobal
